// !$*UTF8*$!
{
	archiveVersion = 1;
	classes = {
	};
	objectVersion = 77;
	objects = {

/* Begin PBXBuildFile section */
		EA082FA92E06963600C0F207 /* str.h in Headers */ = {isa = PBXBuildFile; fileRef = EA082FA72E06963600C0F207 /* str.h */; };
		EA082FAA2E06963600C0F207 /* str.c in Sources */ = {isa = PBXBuildFile; fileRef = EA082FA82E06963600C0F207 /* str.c */; };
		EA082FAE2E06C01A00C0F207 /* unicode_data.h in Sources */ = {isa = PBXBuildFile; fileRef = EA082FAD2E06C01A00C0F207 /* unicode_data.h */; };
		EA082FB12E06C0D600C0F207 /* ucdb.h in Headers */ = {isa = PBXBuildFile; fileRef = EA082FAF2E06C0D600C0F207 /* ucdb.h */; };
		EA082FB22E06C0D600C0F207 /* ucdb.c in Sources */ = {isa = PBXBuildFile; fileRef = EA082FB02E06C0D600C0F207 /* ucdb.c */; };
		EA707A0F2E00077A0084BFDD /* datum.c in Sources */ = {isa = PBXBuildFile; fileRef = EA707A0E2E00077A0084BFDD /* datum.c */; };
		EA707A102E00077A0084BFDD /* datum.h in Headers */ = {isa = PBXBuildFile; fileRef = EA707A0D2E00077A0084BFDD /* datum.h */; };
		EA707A132E0009680084BFDD /* mmgt.c in Sources */ = {isa = PBXBuildFile; fileRef = EA707A122E0009680084BFDD /* mmgt.c */; };
		EA707A142E0009680084BFDD /* mmgt.h in Headers */ = {isa = PBXBuildFile; fileRef = EA707A112E0009680084BFDD /* mmgt.h */; };
		EA707A172E0010980084BFDD /* list.c in Sources */ = {isa = PBXBuildFile; fileRef = EA707A162E0010980084BFDD /* list.c */; };
		EA707A182E0010980084BFDD /* list.h in Headers */ = {isa = PBXBuildFile; fileRef = EA707A152E0010980084BFDD /* list.h */; };
		EA707A1B2E001BAB0084BFDD /* hash.h in Headers */ = {isa = PBXBuildFile; fileRef = EA707A192E001BAB0084BFDD /* hash.h */; };
		EA707A1C2E001BAB0084BFDD /* hash.c in Sources */ = {isa = PBXBuildFile; fileRef = EA707A1A2E001BAB0084BFDD /* hash.c */; };
		EA707A1F2E005DD00084BFDD /* err_handling.c in Sources */ = {isa = PBXBuildFile; fileRef = EA707A1E2E005DD00084BFDD /* err_handling.c */; };
		EA707A202E005DD00084BFDD /* err_handling.h in Headers */ = {isa = PBXBuildFile; fileRef = EA707A1D2E005DD00084BFDD /* err_handling.h */; };
/* End PBXBuildFile section */

/* Begin PBXFileReference section */
		EA082F942E01763B00C0F207 /* ScafellTest.xcodeproj */ = {isa = PBXFileReference; lastKnownFileType = "wrapper.pb-project"; name = ScafellTest.xcodeproj; path = ../ScafellTest/ScafellTest.xcodeproj; sourceTree = SOURCE_ROOT; };
		EA082FA72E06963600C0F207 /* str.h */ = {isa = PBXFileReference; lastKnownFileType = sourcecode.c.h; path = str.h; sourceTree = "<group>"; };
		EA082FA82E06963600C0F207 /* str.c */ = {isa = PBXFileReference; lastKnownFileType = sourcecode.c.c; path = str.c; sourceTree = "<group>"; };
		EA082FAD2E06C01A00C0F207 /* unicode_data.h */ = {isa = PBXFileReference; lastKnownFileType = sourcecode.c.h; path = unicode_data.h; sourceTree = "<group>"; };
		EA082FAF2E06C0D600C0F207 /* ucdb.h */ = {isa = PBXFileReference; lastKnownFileType = sourcecode.c.h; path = ucdb.h; sourceTree = "<group>"; };
		EA082FB02E06C0D600C0F207 /* ucdb.c */ = {isa = PBXFileReference; lastKnownFileType = sourcecode.c.c; path = ucdb.c; sourceTree = "<group>"; };
		EA082FB32E07E2CB00C0F207 /* ucbuilder.awk */ = {isa = PBXFileReference; lastKnownFileType = text; path = ucbuilder.awk; sourceTree = "<group>"; };
		EA082FB42E07E31300C0F207 /* UnicodeData.txt */ = {isa = PBXFileReference; lastKnownFileType = text; path = UnicodeData.txt; sourceTree = "<group>"; };
		EA082FC82E09510F00C0F207 /* ScafellTest.xcodeproj */ = {isa = PBXFileReference; lastKnownFileType = "wrapper.pb-project"; name = ScafellTest.xcodeproj; path = ScafellTest2/ScafellTest.xcodeproj; sourceTree = "<group>"; };
		EA707A062E0006A20084BFDD /* libscafell.a */ = {isa = PBXFileReference; explicitFileType = archive.ar; includeInIndex = 0; path = libscafell.a; sourceTree = BUILT_PRODUCTS_DIR; };
		EA707A0D2E00077A0084BFDD /* datum.h */ = {isa = PBXFileReference; lastKnownFileType = sourcecode.c.h; path = datum.h; sourceTree = "<group>"; };
		EA707A0E2E00077A0084BFDD /* datum.c */ = {isa = PBXFileReference; lastKnownFileType = sourcecode.c.c; path = datum.c; sourceTree = "<group>"; };
		EA707A112E0009680084BFDD /* mmgt.h */ = {isa = PBXFileReference; lastKnownFileType = sourcecode.c.h; path = mmgt.h; sourceTree = "<group>"; };
		EA707A122E0009680084BFDD /* mmgt.c */ = {isa = PBXFileReference; lastKnownFileType = sourcecode.c.c; path = mmgt.c; sourceTree = "<group>"; };
		EA707A152E0010980084BFDD /* list.h */ = {isa = PBXFileReference; lastKnownFileType = sourcecode.c.h; path = list.h; sourceTree = "<group>"; };
		EA707A162E0010980084BFDD /* list.c */ = {isa = PBXFileReference; lastKnownFileType = sourcecode.c.c; path = list.c; sourceTree = "<group>"; };
		EA707A192E001BAB0084BFDD /* hash.h */ = {isa = PBXFileReference; lastKnownFileType = sourcecode.c.h; path = hash.h; sourceTree = "<group>"; };
		EA707A1A2E001BAB0084BFDD /* hash.c */ = {isa = PBXFileReference; lastKnownFileType = sourcecode.c.c; path = hash.c; sourceTree = "<group>"; };
		EA707A1D2E005DD00084BFDD /* err_handling.h */ = {isa = PBXFileReference; lastKnownFileType = sourcecode.c.h; path = err_handling.h; sourceTree = "<group>"; };
		EA707A1E2E005DD00084BFDD /* err_handling.c */ = {isa = PBXFileReference; lastKnownFileType = sourcecode.c.c; path = err_handling.c; sourceTree = "<group>"; };
/* End PBXFileReference section */

/* Begin PBXFileSystemSynchronizedRootGroup section */
		EA082F752E00605D00C0F207 /* os */ = {
			isa = PBXFileSystemSynchronizedRootGroup;
			path = os;
			sourceTree = "<group>";
		};
/* End PBXFileSystemSynchronizedRootGroup section */

/* Begin PBXFrameworksBuildPhase section */
		EA707A042E0006A20084BFDD /* Frameworks */ = {
			isa = PBXFrameworksBuildPhase;
			buildActionMask = 2147483647;
			files = (
			);
			runOnlyForDeploymentPostprocessing = 0;
		};
/* End PBXFrameworksBuildPhase section */

/* Begin PBXGroup section */
		EA082F972E01763B00C0F207 /* Products */ = {
			isa = PBXGroup;
			children = (
			);
			name = Products;
			sourceTree = "<group>";
		};
		EA7079FD2E0006A20084BFDD = {
			isa = PBXGroup;
			children = (
				EA082FC82E09510F00C0F207 /* ScafellTest.xcodeproj */,
				EA082FB42E07E31300C0F207 /* UnicodeData.txt */,
				EA082FB32E07E2CB00C0F207 /* ucbuilder.awk */,
				EA082FAF2E06C0D600C0F207 /* ucdb.h */,
				EA082FB02E06C0D600C0F207 /* ucdb.c */,
				EA082FAD2E06C01A00C0F207 /* unicode_data.h */,
				EA082F942E01763B00C0F207 /* ScafellTest.xcodeproj */,
				EA082F752E00605D00C0F207 /* os */,
				EA707A1D2E005DD00084BFDD /* err_handling.h */,
				EA707A1E2E005DD00084BFDD /* err_handling.c */,
				EA707A192E001BAB0084BFDD /* hash.h */,
				EA707A1A2E001BAB0084BFDD /* hash.c */,
				EA707A152E0010980084BFDD /* list.h */,
				EA707A162E0010980084BFDD /* list.c */,
				EA707A112E0009680084BFDD /* mmgt.h */,
				EA707A122E0009680084BFDD /* mmgt.c */,
				EA707A0D2E00077A0084BFDD /* datum.h */,
				EA707A0E2E00077A0084BFDD /* datum.c */,
				EA082FA82E06963600C0F207 /* str.c */,
				EA082FA72E06963600C0F207 /* str.h */,
				EA707A072E0006A20084BFDD /* Products */,
			);
			sourceTree = "<group>";
		};
		EA707A072E0006A20084BFDD /* Products */ = {
			isa = PBXGroup;
			children = (
				EA707A062E0006A20084BFDD /* libscafell.a */,
			);
			name = Products;
			sourceTree = "<group>";
		};
/* End PBXGroup section */

/* Begin PBXHeadersBuildPhase section */
		EA707A022E0006A20084BFDD /* Headers */ = {
			isa = PBXHeadersBuildPhase;
			buildActionMask = 2147483647;
			files = (
				EA707A1B2E001BAB0084BFDD /* hash.h in Headers */,
				EA707A102E00077A0084BFDD /* datum.h in Headers */,
				EA082FA92E06963600C0F207 /* str.h in Headers */,
				EA082FB12E06C0D600C0F207 /* ucdb.h in Headers */,
				EA707A182E0010980084BFDD /* list.h in Headers */,
				EA707A202E005DD00084BFDD /* err_handling.h in Headers */,
				EA707A142E0009680084BFDD /* mmgt.h in Headers */,
			);
			runOnlyForDeploymentPostprocessing = 0;
		};
/* End PBXHeadersBuildPhase section */

/* Begin PBXNativeTarget section */
		EA707A052E0006A20084BFDD /* scafell */ = {
			isa = PBXNativeTarget;
			buildConfigurationList = EA707A0A2E0006A20084BFDD /* Build configuration list for PBXNativeTarget "scafell" */;
			buildPhases = (
				EA707A022E0006A20084BFDD /* Headers */,
				EA707A032E0006A20084BFDD /* Sources */,
				EA707A042E0006A20084BFDD /* Frameworks */,
			);
			buildRules = (
			);
			dependencies = (
			);
			fileSystemSynchronizedGroups = (
				EA082F752E00605D00C0F207 /* os */,
			);
			name = scafell;
			packageProductDependencies = (
			);
			productName = scafell;
			productReference = EA707A062E0006A20084BFDD /* libscafell.a */;
			productType = "com.apple.product-type.library.static";
		};
/* End PBXNativeTarget section */

/* Begin PBXProject section */
		EA7079FE2E0006A20084BFDD /* Project object */ = {
			isa = PBXProject;
			attributes = {
				BuildIndependentTargetsInParallel = 1;
				LastUpgradeCheck = 1620;
				TargetAttributes = {
					EA707A052E0006A20084BFDD = {
						CreatedOnToolsVersion = 16.2;
					};
				};
			};
			buildConfigurationList = EA707A012E0006A20084BFDD /* Build configuration list for PBXProject "scafell" */;
			developmentRegion = en;
			hasScannedForEncodings = 0;
			knownRegions = (
				en,
				Base,
			);
			mainGroup = EA7079FD2E0006A20084BFDD;
			minimizedProjectReferenceProxies = 1;
			preferredProjectObjectVersion = 77;
			productRefGroup = EA707A072E0006A20084BFDD /* Products */;
			projectDirPath = "";
			projectReferences = (
				{
					ProductGroup = EA082F972E01763B00C0F207 /* Products */;
					ProjectRef = EA082F942E01763B00C0F207 /* ScafellTest.xcodeproj */;
				},
			);
			projectRoot = "";
			targets = (
				EA707A052E0006A20084BFDD /* scafell */,
			);
		};
/* End PBXProject section */

/* Begin PBXSourcesBuildPhase section */
		EA707A032E0006A20084BFDD /* Sources */ = {
			isa = PBXSourcesBuildPhase;
			buildActionMask = 2147483647;
			files = (
				EA082FAA2E06963600C0F207 /* str.c in Sources */,
				EA707A172E0010980084BFDD /* list.c in Sources */,
				EA707A132E0009680084BFDD /* mmgt.c in Sources */,
				EA707A0F2E00077A0084BFDD /* datum.c in Sources */,
				EA707A1F2E005DD00084BFDD /* err_handling.c in Sources */,
				EA082FB22E06C0D600C0F207 /* ucdb.c in Sources */,
				EA082FAE2E06C01A00C0F207 /* unicode_data.h in Sources */,
				EA707A1C2E001BAB0084BFDD /* hash.c in Sources */,
			);
			runOnlyForDeploymentPostprocessing = 0;
		};
/* End PBXSourcesBuildPhase section */

/* Begin XCBuildConfiguration section */
		EA707A082E0006A20084BFDD /* Debug */ = {
			isa = XCBuildConfiguration;
			buildSettings = {
				ALWAYS_SEARCH_USER_PATHS = NO;
				ASSETCATALOG_COMPILER_GENERATE_SWIFT_ASSET_SYMBOL_EXTENSIONS = YES;
				CLANG_ANALYZER_NONNULL = YES;
				CLANG_ANALYZER_NUMBER_OBJECT_CONVERSION = YES_AGGRESSIVE;
				CLANG_CXX_LANGUAGE_STANDARD = "gnu++20";
				CLANG_ENABLE_MODULES = YES;
				CLANG_ENABLE_OBJC_ARC = YES;
				CLANG_ENABLE_OBJC_WEAK = YES;
				CLANG_WARN_BLOCK_CAPTURE_AUTORELEASING = YES;
				CLANG_WARN_BOOL_CONVERSION = YES;
				CLANG_WARN_COMMA = YES;
				CLANG_WARN_CONSTANT_CONVERSION = YES;
				CLANG_WARN_DEPRECATED_OBJC_IMPLEMENTATIONS = YES;
				CLANG_WARN_DIRECT_OBJC_ISA_USAGE = YES_ERROR;
				CLANG_WARN_DOCUMENTATION_COMMENTS = YES;
				CLANG_WARN_EMPTY_BODY = YES;
				CLANG_WARN_ENUM_CONVERSION = YES;
				CLANG_WARN_INFINITE_RECURSION = YES;
				CLANG_WARN_INT_CONVERSION = YES;
				CLANG_WARN_NON_LITERAL_NULL_CONVERSION = YES;
				CLANG_WARN_OBJC_IMPLICIT_RETAIN_SELF = YES;
				CLANG_WARN_OBJC_LITERAL_CONVERSION = YES;
				CLANG_WARN_OBJC_ROOT_CLASS = YES_ERROR;
				CLANG_WARN_QUOTED_INCLUDE_IN_FRAMEWORK_HEADER = YES;
				CLANG_WARN_RANGE_LOOP_ANALYSIS = YES;
				CLANG_WARN_STRICT_PROTOTYPES = YES;
				CLANG_WARN_SUSPICIOUS_MOVE = YES;
				CLANG_WARN_UNGUARDED_AVAILABILITY = YES_AGGRESSIVE;
				CLANG_WARN_UNREACHABLE_CODE = YES;
				CLANG_WARN__DUPLICATE_METHOD_MATCH = YES;
				COPY_PHASE_STRIP = NO;
				DEBUG_INFORMATION_FORMAT = dwarf;
				ENABLE_STRICT_OBJC_MSGSEND = YES;
				ENABLE_TESTABILITY = YES;
				ENABLE_USER_SCRIPT_SANDBOXING = YES;
				GCC_C_LANGUAGE_STANDARD = gnu17;
				GCC_DYNAMIC_NO_PIC = NO;
				GCC_NO_COMMON_BLOCKS = YES;
				GCC_OPTIMIZATION_LEVEL = 0;
				GCC_PREPROCESSOR_DEFINITIONS = (
					"DEBUG=1",
					"$(inherited)",
				);
				GCC_WARN_64_TO_32_BIT_CONVERSION = YES;
				GCC_WARN_ABOUT_RETURN_TYPE = YES_ERROR;
				GCC_WARN_UNDECLARED_SELECTOR = YES;
				GCC_WARN_UNINITIALIZED_AUTOS = YES_AGGRESSIVE;
				GCC_WARN_UNUSED_FUNCTION = YES;
				GCC_WARN_UNUSED_VARIABLE = YES;
				LOCALIZATION_PREFERS_STRING_CATALOGS = YES;
				MACOSX_DEPLOYMENT_TARGET = 15.2;
				MTL_ENABLE_DEBUG_INFO = INCLUDE_SOURCE;
				MTL_FAST_MATH = YES;
				ONLY_ACTIVE_ARCH = YES;
				SDKROOT = macosx;
			};
			name = Debug;
		};
		EA707A092E0006A20084BFDD /* Release */ = {
			isa = XCBuildConfiguration;
			buildSettings = {
				ALWAYS_SEARCH_USER_PATHS = NO;
				ASSETCATALOG_COMPILER_GENERATE_SWIFT_ASSET_SYMBOL_EXTENSIONS = YES;
				CLANG_ANALYZER_NONNULL = YES;
				CLANG_ANALYZER_NUMBER_OBJECT_CONVERSION = YES_AGGRESSIVE;
				CLANG_CXX_LANGUAGE_STANDARD = "gnu++20";
				CLANG_ENABLE_MODULES = YES;
				CLANG_ENABLE_OBJC_ARC = YES;
				CLANG_ENABLE_OBJC_WEAK = YES;
				CLANG_WARN_BLOCK_CAPTURE_AUTORELEASING = YES;
				CLANG_WARN_BOOL_CONVERSION = YES;
				CLANG_WARN_COMMA = YES;
				CLANG_WARN_CONSTANT_CONVERSION = YES;
				CLANG_WARN_DEPRECATED_OBJC_IMPLEMENTATIONS = YES;
				CLANG_WARN_DIRECT_OBJC_ISA_USAGE = YES_ERROR;
				CLANG_WARN_DOCUMENTATION_COMMENTS = YES;
				CLANG_WARN_EMPTY_BODY = YES;
				CLANG_WARN_ENUM_CONVERSION = YES;
				CLANG_WARN_INFINITE_RECURSION = YES;
				CLANG_WARN_INT_CONVERSION = YES;
				CLANG_WARN_NON_LITERAL_NULL_CONVERSION = YES;
				CLANG_WARN_OBJC_IMPLICIT_RETAIN_SELF = YES;
				CLANG_WARN_OBJC_LITERAL_CONVERSION = YES;
				CLANG_WARN_OBJC_ROOT_CLASS = YES_ERROR;
				CLANG_WARN_QUOTED_INCLUDE_IN_FRAMEWORK_HEADER = YES;
				CLANG_WARN_RANGE_LOOP_ANALYSIS = YES;
				CLANG_WARN_STRICT_PROTOTYPES = YES;
				CLANG_WARN_SUSPICIOUS_MOVE = YES;
				CLANG_WARN_UNGUARDED_AVAILABILITY = YES_AGGRESSIVE;
				CLANG_WARN_UNREACHABLE_CODE = YES;
				CLANG_WARN__DUPLICATE_METHOD_MATCH = YES;
				COPY_PHASE_STRIP = NO;
				DEBUG_INFORMATION_FORMAT = "dwarf-with-dsym";
				ENABLE_NS_ASSERTIONS = NO;
				ENABLE_STRICT_OBJC_MSGSEND = YES;
				ENABLE_USER_SCRIPT_SANDBOXING = YES;
				GCC_C_LANGUAGE_STANDARD = gnu17;
				GCC_NO_COMMON_BLOCKS = YES;
				GCC_WARN_64_TO_32_BIT_CONVERSION = YES;
				GCC_WARN_ABOUT_RETURN_TYPE = YES_ERROR;
				GCC_WARN_UNDECLARED_SELECTOR = YES;
				GCC_WARN_UNINITIALIZED_AUTOS = YES_AGGRESSIVE;
				GCC_WARN_UNUSED_FUNCTION = YES;
				GCC_WARN_UNUSED_VARIABLE = YES;
				LOCALIZATION_PREFERS_STRING_CATALOGS = YES;
				MACOSX_DEPLOYMENT_TARGET = 15.2;
				MTL_ENABLE_DEBUG_INFO = NO;
				MTL_FAST_MATH = YES;
				SDKROOT = macosx;
			};
			name = Release;
		};
		EA707A0B2E0006A20084BFDD /* Debug */ = {
			isa = XCBuildConfiguration;
			buildSettings = {
				CODE_SIGN_STYLE = Automatic;
				DEVELOPMENT_TEAM = 4252B3HDL2;
				EXECUTABLE_PREFIX = lib;
				PRODUCT_NAME = "$(TARGET_NAME)";
				SKIP_INSTALL = YES;
			};
			name = Debug;
		};
		EA707A0C2E0006A20084BFDD /* Release */ = {
			isa = XCBuildConfiguration;
			buildSettings = {
				CODE_SIGN_STYLE = Automatic;
				DEVELOPMENT_TEAM = 4252B3HDL2;
				EXECUTABLE_PREFIX = lib;
				PRODUCT_NAME = "$(TARGET_NAME)";
				SKIP_INSTALL = YES;
			};
			name = Release;
		};
/* End XCBuildConfiguration section */

/* Begin XCConfigurationList section */
		EA707A012E0006A20084BFDD /* Build configuration list for PBXProject "scafell" */ = {
			isa = XCConfigurationList;
			buildConfigurations = (
				EA707A082E0006A20084BFDD /* Debug */,
				EA707A092E0006A20084BFDD /* Release */,
			);
			defaultConfigurationIsVisible = 0;
			defaultConfigurationName = Release;
		};
		EA707A0A2E0006A20084BFDD /* Build configuration list for PBXNativeTarget "scafell" */ = {
			isa = XCConfigurationList;
			buildConfigurations = (
				EA707A0B2E0006A20084BFDD /* Debug */,
				EA707A0C2E0006A20084BFDD /* Release */,
			);
			defaultConfigurationIsVisible = 0;
			defaultConfigurationName = Release;
		};
/* End XCConfigurationList section */
	};
	rootObject = EA7079FE2E0006A20084BFDD /* Project object */;
}
